github.com/stathat/consistent v1.0.0 h1:ZFJ1QTRn8npNBKW065raSZ8xfOqhpb8vLOkfp4CcL/U=
github.com/stathat/consistent v1.0.0/go.mod h1:uajTPbgSygZBJ+V+0mY7meZ8i0XAcZs7AQ6V121XSxw=
stathat.com/c/consistent v1.0.0 h1:ezyc51EGcRPJUxfHGSgJjWzJdj3NiMU9pNfLNGiXV0c=
stathat.com/c/consistent v1.0.0/go.mod h1:QkzMWzcbB+yQBL2AttO6sgsQS/JSTapcDISJalmCDS0=
